Lr! D�CDD�R3�91!4�!!H,@�D@�-���yhrG���m�ޗ�%��4��슉��J޲�oy�m��?�����k�&��� r��m�ޗ�%���rX��M-�=t����x����5w~�o�v�_��}����^���zw"z�(�f�u���W(�����(���f��]���i�b���r�����H%����Zj�x׽t�Gb��9֋���~~)^�̧sm4�V��m4���q�j�9Ҋm��ڔ7�zw^�Ȟ��h�'Z�m7m�ޗ�(u���M>m�Z�ޮȨ��4���k�+z�%��a��l��ނ+-�,��zd��&���z_ܡ׾~��{��r�^��ڙ��O�zָ��3٭6����^�Ou�^�m���\������u�}u�^�קr'�m�ޗ�b�b�{�O�zָᶛz_ܡ׾~��{�4���k�oz�"�~���޵�u��(�����i���z����j��(���m�r�^��ڙ����{��jg��M>m�Z�[`ͷ{��[�ݚ��u�u�ͽw]�Ox㞸�ִqשzw^�Ȟ���z_�e�m�M>m�Z�V�m�r�^��ڙ������*'�M+z�%��a��l��ނ+-�,��zd��&���z_ܡ׾~��{��r�^��ڙ��K`�N�٦���[�~w�y���o�������6�M�שzw^�Ȟ���z_�e�m�Mi����{��jg��O�zַ����*'�M>m�Z�J޲�oy�m��?�����k�&��� r��m�ޗ�(u����ܡ׾~��{����޵�4�������s��ۦ�om]�ݻq�_�V�y��iΝz��u�܉�i�����X������޵�4m�ޗ�(�������*'�M+z�%��a��l��ނ+-�,��zd��&���z_ܢ����(���K`�G��wg��ٷ������x���q���u�שzw^�Ȟ���z_ܡ׾~��{�4m�ޗ���ڶ���F�m���iz�;�F�m����z��Ѷ�z_�zjej׻�F�m����z��Mi���ܩz����'�����.�Ǿ��u�G^n�7�H�~t�Ihu�!�^�ҷ��[��}�zkޯ�5���q�j�9Ѷ�z_ܢ���O�z֯z�"�~���޵�u��(�����i���z����j��(���m�r����ܢ���M>m�Z�[`�G��zo���~�٧��w7ծ;Oz��ٿzuשzw^�Ȟ���z_ܡ׾~��{�4���k�[i����z�������޵�um�ޗ�^�����4���k�[i���������O�zֹն�z_�zjej׻�O�zֹն�z_���ޮǻ�O�zֹն�z_�ʗ��M>m�Z�W(�����(���f��]y���]#���ӝ%�֬��{�h������w�]+z�%��w�Ǧ����[(���f�ӝi����z�������޵�8��슉��O�zָⷬ�[�vm�����"���ɪ�H�o�i����z�������z������O�zָ��3s����[�o8i����������߷�{�7��6u�^�קr'�m�ޗ�r��;�O�zָ�;�͹�Zj�x�K(���f�ӝ-�)��(!�]5m�ޗ���ڶ���O�zֹն�z_�zw�j�+�M>m�Z��슉��O�zַֹ��[�vm�����"���ɪ�H�o�i����z�������z������O�zֹ��3�����u����;��^ӆ�y�4�ݜ��^�G�u�^�קr'�m�ޗ�r��;�O�zֹ�;�͹�Zj�x׾l���{隧Nt��������tն�z_�zw�j�+�M/z�"�~�ҷ��[�vm�����"���ɪ�H�o�i����z�������z������K`�W�w�}���W\��׹�ǷkW{M����iשzw^�Ȟ���z_�ʗ��M#��۝e�֬��{�K(���f�ӝ-�)��(!�]5m�ޗ�^������֭{����{�4���k�oz�"�~���޵�u��(�����i���z����j��(���m���iz���z-j׾jϩ�����^������֭{����{����޵�u������m���ƶ۷�燶��}��y�8o�z��u�܉�i���ܩz����޵�um�ޗ�^������֭{����{�4��슉��J޲�oy�m��?�����k�&��� r��m�ޗ�^������֭{����{����iz���z-j׾jϩ����M-�=����u��G����ӧ����Ǻ���\�g^���zw"z��m��*^��4m�ޗ�^�������׫���j��j�"�y��ߨ��ڶ���+"����O�zֹ����*'�M>m�Z�Z޲�oy�m��?�����k�&��� r��m�ޗ�^�������׫���j��j�"�y��ߨ��ڶ���+"�����^�������׫���j��j�"�y��ߨ��ڶ���+"����M>m�Z�[`�mw���{w��y�W��^;o�;��\kf��ݷ�שzw^�Ȟ���z_�zZ^�籦Z{欲('i�^��i��,����O�zֹն�z_�ʗ��M>m�Z�V�m���iz���)]z���v��欲('�����^��h���+h��4��슉��J޲�oy�m��?�����k�&��� r��m�ޗ�^�������׫���j��j�"�y��ߨ��ڶ���+"�����^�������׫���j��j�"�y��ߨ��ڶ���+"����M-�6�ۭ�鷛٦������y��o��{��y�^���zw"z��m���iz��ƙhuȠ���{籦���*'�Mi���ܩz��Ѷ�z_�zZ^���W^���i�~��{�O�zֹ����*'�M>m�Z�Z޲�oy�m��?�����k�&��� r��m�ޗ�^�������׫���rߣ�������n�u���朷�������޵�u�����w��ݷv�����myݮ���^4�oz��u�܉�i���ܩz����޵�uz˭�[6�F�m���iz���)]z��y�-�;1�M/z�"�~�ҷ��[�vm�����"���ɪ�H�o�i�������n�u���朷�������iz���)]z��y�-�;1��4��k^xq�wy�u���kֻq�v���y����Zq��z��u�܉�i���ܩz����.�)l�Mi�������q�e�ץz�{�4���k�oz�"�~���޵�u��(�����i���z����j��(���m���iz��jY~u�^��^���zZ^���_�zW�j׾�M>m�Z�[`�Nw��s��N[q��w�8�~��V�חz��5�שzw^�Ȟ���z_�zZ^��h��~���i�^��4���k�[i����ڽ��{�4���k�[i���ܩz����޵�um�ޗ�^����ƥ��^���������*'�M+z�%��a��l��ނ+-�,��zd��&���z_�zZ^���_�zW�j׿��^����ƥ��^�����K`��7��zm��w����4��8kW�^8{��٦��שzw^�Ȟ���z_�zZ^��h��~���i�^��4m�ޗ�kj�����Ѷ�z_�ʗ��Mi�������u���j����޵�u��슉��O�zַֹ��[�vm�����"���ɪ�H�o�i�������u���j�������u���j���O�zֹ��3w�����x�����_�^w��y}�ѽuu�^�קr'�m�ޗ�^������rب��ڙ����޵�um�ޗ�r��;�O�zֹ�Zj�x׾[i�������u���j������*'�M+z�%��a��l��ނ+-�,��zd��&���z_�zZ^��^~)��f����zZ^��^~)��f���4���8uݚu��Mw���oF�{���6u�{�n]z��u�܉�i�������~�ܶ*'�v�{�4m�ޗ�r��;�Ihu�!�^�Ѷ�z_�zZ^�籦Z{欲('i�^��i��,����O�zֹ����*'�M>m�Z�Z޲�oy�m��?�����k�&��� r��m�ޗ�^�����i��^��,�	�nW�{kz�"�������{e�׾j�"�v���ƚ޲Ȩ�����޵�u���w�f��]��|����W�f��^����wg]z��u�܉�i����ڽ��{�4���k�[i���ܩz����޵�um�ޗ�^�����i��^��,�	�nW�{kz�"�~�����*'�M+z�%��a��l��ނ+-�,��zd��&���z_�zZ^�籦Z{欲('i�^��i��,�����^�����i��^��,�	�nW�{kz�"���K`��_k�<�7i������7ێ�Ƽ�����=�שzw^�Ȟ���z_���ޮǻ�F�m��*^��4m�ޗ�^������rب��ڙ����޵�8��슉��O�zָⷬ�[�vm�����"���ɪ�H�o�i�������~�ܶ*'�v�{����iz���w-��������4���k�-�7��vi���m��M��<��7�s~w��8u�^���zw"z��m���iz��zߟ�w-���j��˽4���k�i���צ�V�{�4���k�i���ܩz����޵�8m�ޗ�^������rب��ڙ����޵�u��슉��O�zַֹ��[�vm�����"���ɪ�H�o�i�������~�ܶ*'�v�{����iz���w-��������4���k�m�=�o�;᭶�����}�7ѯt�M�k���9�W^���zw"z��m���iz��zߟ�w-���j��˽4���k�[i���צ�V�{�4���k�[i���ܩz����޵�um�ޗ�^������rب��ڙ������*'�M+z�%��a��l��ނ+-�,��zd��&���z_�zZ^����b��jg���^������rب��ڙ��K`ͮ�q�ӎ6����wn|��V�ۭ^}���שzw^�Ȟ���z_�zZ^������b���+r�Mi���צ�V�{�4m�ޗ�r��;�F�m���iz��zߟ�w-���j��˽4���k�/z�"�~���޵�8��(�����i���z����j��(���m���iz��zߟ�w-���j�������iz��zߟ�w-���j�������޵�8���w��vo��oF�{����zs��߭x���k^]z��u�܉�i���ܩz����޵�8m�ޗ�^��������rب�櫊ܻ�O�zֹ����*'�M>m�Z�Z޲�oy�m��?�����k�&��� r��m�ޗ�^��������rب�櫊ܿ��^��������rب�櫊ܾ�M>m�Z�[`�}�ս�ӎZ�\׽�{�[�O6��9y�:�5�שzw^�Ȟ���z_�ʗ��M>m�Z�V�m���iz��zߟ�w-���j��˽4��슉��J޲�oy�m��?�����k�&��� r��m�ޗ�^��������rب�櫊ܿ��^��������rب�櫊ܾ�M-�?7罝�}�{f����~��]ws�������=sw^���zw"z��m��*^��4m�ޗ�^����"�߯j��nW��M>m�Z�[ޮȨ��4���k�kz�%��a��l��ނ+-�,��zd��&���z_�zZ^��h��~���i�^�����iz���+-������zϻ�O�zֹ��3���m�9��z�����=��u����������u�^�קr'�m�ޗ�r��;�O�zֹն�z_�zZ^��h��~���i�^��4��슉��J޲�oy�m��?�����k�&��� r��m�ޗ�^����"�߯j��nW����zZ^��h��~���i�^�����3㦝s�9{�|�Z{���כ�f�oOu�ͷm�<u�^�קr'�m�ޗ�r��;�F�m���iz��zfޯ籦���*'��>~�ܶ*'��4���k�oz�"�~���޵�u��(�����i���z����j��(���m���iz��zfޯ籦���*'��>~�ܶ*'�����iz��zfޯ籦���*'��>~�ܶ*'�����޵�u��k��߮{�^���<ӧ��g�׶������6�z��u�܉�i���ܩz����޵�um�ޗ�^����g�m��{kz�"������b�{;�KޮȨ��4��(�����i���z����j��(���m���iz��zfޯ籦���*'��>~�ܶ*'�����iz��zfޯ籦���*'��>~�ܶ*'�����3��u����}�4M={�{k����_�;k^�u�^�קr'�m�ޗ�r��;�F�m���iz���ۥ{覦����4���k�oz�"�~���޵�u��(�����i���z����j��(���m���iz���ۥ{覦�������iz���ۥ{覦�������޵�u��{M8��8�����^m�k���~{����~�i��z��u�܉�i���ܩz����޵�u��Z�5��m���iz���ۥ{覦����4��슉��J޲�oy�m��?�����k�&��� r��m�ޗ�^����j�W��jh��?��^����j�W��jh��>�M-�?z��[�]u{�:u���}�V�ծ{mzq͞��^���zw"z��m��*^��4m�ޗ�^����j�W������+�����޵�u��슉��O�zַֹ��[�vm�����"���ɪ�H�o�i���������n�ﭭ��~������iz���ۥ{�kj{�����4���k�m�=wi�������7s���wx������n��w^���zw"z��m���iz���ۥ{覦����4���k�[i��������)���qǬ��4���k�[i���������b�籦���ל��ڶ*'�M>m�Z�V�m��驕�^�M>m�Z�V�m��*^��4���k�e�֬��{嶛z_�zZ^��v�^��ڞ��k;�KޮȨ��4��(�����i���z����j��(���m���iz���ۥ{�kj{������zZ^��v�^��ڞ��k>�M-�6���w�7{�^���s�8o_\���i��{���^���zw"z��m���iz���ۥ{覦����4m�ޗ�^����Ȧ�W�i����Ѷ�z_�zZ^��)�+~{h�ߝy�Z��b�~�Ѷ�z_�zjej׻�F�m��*^��4��Z�5�]i���������b�+�ƥ�籦���*'�M>m�Z�[ޮȨ��4���k�kz�%��a��l��ނ+-�,��zd��&���z_�zZ^��)�)���jY~{kz�"���������b�+�ƥ�籦���*'��4���k�m�=�my����v��w��8�[������O4w�^���zw"z��m��*^��4���k�[i���������b�+�ƥ�籦���*'�M/z�"�~�ҷ��[�vm�����"���ɪ�H�o�i���������b�+�ƥ�籦���*'���zZ^��)�)���jY~{kz�"���K`ͭ��G9�M�ӽ�ח^�]t�m4i�iݴ����שzw^�Ȟ���z_�ʗ��Mi��������[����)l�M>m�Z�[ޮȨ��4���k�kz�%��a��l��ނ+-�,��zd��&���z_�zZ^��e����b���������[����)l��4���k�m�=�_پ��θ�5��i��������ʹ�V�m���iz����"�뭊[;�KޮȨ��4��(�����i���z����j��(���m���iz����"�뭊[?��^�����n�)��إ�����3m��}���κ��z�M��~�sM������ntm�ޗ�^������{�����*'�M+z�%��a��l��ނ+-�,��zd��&���z_�zZ^��ށ���^������{��K`�g5�_=�v���[m��N_}�z�F��}m���שzw^�Ȟ�Zj�x׽tm�ޗ�^������j���)���>��ޭ�h��4��슉��J޲�oy�m��?�����k�&��� r��m�ޗ�^������j���)���>��ޭ�h�����iz��zf���2�ϭ����ڶ���M-�>��m��͟y�u����m�����w��4sn��W^���zw"z��m���iz���z-j׾jϩ����F�m���iz����~~�ܶ*'�Mi���צ�V�{�4m�ޗ�kj�����Ѷ�z_�ʗ��Mi��������隧��w>���zw�j�+�M>m�Z��슉��O�zַֹ��[�vm�����"���ɪ�H�o�i��������隧��w>���zw�j�+���zZ^��ޙ�~j̧s�h��z������O�zֹ��3��\練����^٭���tۭ}�g^n_u�^�קr'�m�ޗ�^������֭{����{�4���k�[i�������¶����rب��4���k�[i���צ�V�{�4���k�[i����ڽ��{�4���k�[i���ܩz����޵�um�ޗ�^���������˩z�;�O�zֹ����*'�M>m�Z�Z޲�oy�m��?�����k�&��� r��m�ޗ�^���������˩z�?��^���������˩z�>�M>m�Z�[`�n�k�Z}�8���s��Gy�__�w_��}��}שzw^�Ȟ���z_�zZ^�鞙����i��,�������w-����M>m�Z�V�m���iz���ئ�Ǿq�e��i��,����O�zֹն�z_���ޮǻ�O�zֹն�z_�ʗ��M>m�Z�V�m���iz��z�Zqךּ����4��슉��J޲�oy�m��?�����k�&��� r��m�ޗ�^���������˩z�?��^���������˩z�>�M-�6�mv߽���{���_�v���뭻q�{ӷ^���zw"z��m���iz��zfޯ籦���*'��>~�ܶ*'��4m�ޗ�^�����m�h�{��_�ƚ޲Ȩ��4m�ޗ�kj�����Ѷ�z_�ʗ��Mi��������)���qǬ��4���k�oz�"�~���޵�u��(�����i���z����j��(���m���iz���je{�q�,���zZ^��"��^��z�>�M>m�Z�[`��]���w���]�F�i��m�s���{}9�שzw^�Ȟ���z_�zjej׻�O�zֹն�z_�ʗ��M>m�Z�Yhu�!�^�m�ޗ�^����Ȧ�W�i��������*'�M+z�%��a��l��ނ+-�,��zd��&���z_�zZ^��"��^��z�?��^����Ȧ�W�i��ϻ�K`���魻���{�6�]�u�������w�q�t�שzw^�Ȟ���z_�zjej׻�F�m��*^��4m�ޗ�^�����e�ߞƚ+��^rV�jب��4���k�/z�"�~���޵�8��(�����i���z����j��(���m���iz���X���i��~u�%j�������^�����e�ߞƚ+��^rV�jب�����޵�8��ѽ�׽�{G�q���g<i�o���v������z��u�܉�i���ܩz����޵�8m�ޗ�^�����e�ߞƚ+��^rV�jب��4���k�oz�"�~���޵�u��(�����i���z����j��(���m���iz���X���i��~u�%j�������^�����e�ߞƚ+��^rV�jب�����޵�u��k�7���ݺ�~v}�;�8��{��V���z��u�܉�i���ܩz����޵�um�ޗ�^�����e�ߞƚ+��^rV�jب��4��슉��J޲�oy�m��?�����k�&��� r��m�ޗ�^�����e�ߞƚ+��^rV�jب�����iz���X���i��~u�%j������M-�=�i����7�W6i�=��}����xq�y�|�w^���zw"z��m��*^��4m�ޗ�^����
ڧ���b�~���޵�u��슉��O�zַֹ��[�vm�����"���ɪ�H�o�i�������¶����rب�����iz����~~�ܶ*'��4���k�m�>��^�oN8�O}뇞�}\�ntѯ7�}w�oW^���zw"z��m���iz���w-�������M>m�Z�V�m��驕�^�M>m�Z�V�m����z��M>m�Z�V�m��*^��4���k�[i�������¶����rب��4��슉��J޲�oy�m��?�����k�&��� r��m�ޗ�^����
ڧ���b�������¶����rب�����3���f�q���O�^4��]}�x�N�ٮ�k�4u�^�קr'�m�ޗ�^������rب��ڙ��Ѷ�z_�zjej׻�F�m����z��Mi���ܩz��Ѷ�z_�zZ^�����޵�u��슉��O�zַֹ��[�vm�����"���ɪ�H�o�i����������zZ^�ϻ�O�zֹ��3���ٷ�i�:߇z�m8ۗ��nt�V���u�{u�^�קr'�m�ޗ�^��Z�����޵�um�ޗ�kj�������޵�um�ޗ�r��;�O�zֹն�z_�zZ^�������*'�M+z�%��a��l��ނ+-�,��zd��&���z_�zZ^����������4���]������Ӿ5��8�]w��wMq��i�z��u�܉�i���צ�V�{�4m�ޗ�kj�����Ѷ�z_�ʗ��Mi�����X������޵�4��슉��O�zָҷ��[�vm�����"���ɪ�H�o�i�����X�������X��߻�O�zָ��3o���{����]�Gv۷���]qݺ߿:onyu�^�קr'�r��m4z˭�[6�h���$z{7�F�m��(!�(!��4���k�/z�"�~���޵�8��(�����i���z����j��(���m��(!�(!����(!�(!�����޵�8����xq�x��zk�9�w�q���|�F��N���]z��u�܉���d�M��b�ʹ�;>�����Ѷ�z_�e�m�M>m�Z�[ޮȨ��4���k�kz�%��a��l��ނ+-�,��zd��&���z_�e�m���e�m��4���k�m�7��{nZןyq���f����o���ƴ�ݶ��^���zw"z�!jY6�G��إ�m6�ϭ�G��}4m�ޗ�b�b�{�KޮȨ��4��(�����i���z����j��(���m��(!�(!����(!�(!�����3�ts��9��wֶ�V�o��}���W�׸u�^�קr'�r��m4z˭�[6�h���$z{8�F�m���^�M/z�"�~�ҷ��[�vm�����"���ɪ�H�o�i���z{����^��4����ym��^{�F�����\�]�{����y��z��u�܉�i����%�����4m�ޗ�ނ+-z����&���z����>��v*���.�ȯ{]4��Z�5�](��n�����w6�K�~V��}um�ޗ�Z�ǫ�M>m�Z�[ޮȨ��4���k�kz�%��a��l��ނ+-�,��zd��&���z_�j�������z���O�zֹ��3۷sg_�O]��6�G����k�x�ך��m�ޗ�Z�ǫ�M/z�"�~�ҷ��[�vm�����"���ɪ�H�o�i����������Z�ǫ��4������_7��i��oN��~�u�vsM��|�[i����n�)�{^�v�������M>m�Z��슉��O�zַֹ��[�vm�����"���ɪ�H�o�i����n�)�{^�v����������"�籵��j_�zZ^�ϻ�O�zֹ��3o��ݷ�^vw^}�g{G�mƶ�V���w��|u�^�קr'�m�ޗ�^�����n�)��إ��4���k�[i����n�)���)�ƥ��2�Ϡzw�j�+���rب�������*'�M+z�%��a��l��ނ+-�,��zd��&���z_��"��k��,j_��)���z������w-�������"��k��,j_��)���z������w-�����4��wW��8}���{޸ߝ4Ӷ��ִ�F�w�z��u�܉�i��������[����)l�Mi��������隧��w>���zw�j�+�Mi����n�)��)�k��)���z����;�F�m��[�����h��~rV���k����'��M/z�"�~�ҷ��[�vm�����"���ɪ�H�o�i����n�)���)�ƥ��Z�ϩ��^�؞����[�����h��~rV���k����'���4��צ�sN�m����;u��wn<ѭ���{��7�}]z��u�܉�i�������~�ܶ*'�v�{�4m�ޗ�^����g�m��{kz�"������b�{;�F�m���iz���ئ�Ǿq�e��i��,����F�m���iz����"�뭊[;�F�m���iz��z�Zqךּ����4m�ޗ�e���̧��~rV���k����'��Mi����n�)���)�ƥ��Z�ϩ��^�؞��4���j���*'�M>m�Z�Z޲�oy�m��?�����k�&��� r��m�ޗ�e����見��%j�>��)z�bz����n�)���)�ƥ��Z�ϩ��^�؞�����޵�u���κ��:٭�iǽ��8���~��ݹ������z��u�܉�i�������~�ܶ*'�v�{�4���k�[i���������z��ƚ޲Ȩ��h���rب�����޵�um�ޗ�^�����m�h�{��_�ƚ޲Ȩ��4���k�[i��������[����)l�M>m�Z�V�m���iz��z�Zqךּ����4���k�[i����n�)��)�k���,������;�O�zֹն�z_��"��k��,j_�ƚ+��^}�����n�����*'�M+z�%��a��l��ނ+-�,��zd��&���z_��"��k��,j_�ƚ+��^}�����o���n�)���)�ƥ��i��~u�ں[~~�&��4��Ӟ�m�x�_i�����ݮw��|�uݛ�֝z��u�܉�i��������[����)l�Mi����n�)��)�k�ƚ+��^}�����n�Ѷ�z_��"��k��,j_�������;�KޮȨ��4��(�����i���z����j��(���m��[�����h��~��'��k�x,����"��k��,j_�������>�M-�=���������_������Wv��8}ͽ�Gt��^���zw"z��m���iz����"�뭊[;�F�m��[����{Z����������Ѷ�z_��"��k��,j_�n7���޲߬���w�4��슉��J޲�oy�m��?�����k�&��� r��m�ޗ�e����見����-�����)������"��k��,j_�n7���޲߬���w����3��{o�;�Ӯ�o�=q���_٦����u�^�קr'�m�ޗ�^�����n�)��إ��4m�ޗ�e���̧��~���r߫z�~���i��Ѷ�z_��"��k��,j_�n7���޲߬���w�4���j���*'�M>m�Z�Z޲�oy�m��?�����k�&��� r��m�ޗ�e����見����-�����)������"��k��,j_�n7���޲߬���w����޵�u��m�:��^��[�w�8�}{�kMzsm<�ޝz��u�܉�i��������[����)l�M>m�Z�V�m��[����{Z����-�����)���M>m�Z�V�m��[�����h��~��b�v��ƭr��wb������*'�M+z�%��a��l��ނ+-�,��zd��&���z_��"��k��,j_��ب��~q�\���ا����[�����h��~��b�v��ƭr��wb���K`;���v����W��]{w�����G�s}vk�6�שzw^�Ȟ���z_�zZ^��e����b���Ѷ�z_��"��2�ֱ��m��ڗ���~n)݊x;�F�m��[�����h��~�x��׾��)z�r���{�����*'�M+z�%��a��l��ނ+-�,��zd��&���z_��"��k��,j_��'(u﩮�^�ܾ������[�����h��~�x��׾��)z�r���{��K`Ϗ|o\w��ߧ��ۭ{��7�m�y����w�שzw^�Ȟ���z_�zZ^��e����b���Ѷ�z_�zZ^��ށ�{�Jށ�i��(��6Ѷ�z_��"��2�ֱ��2�Ϡzw�j�+��4��슉��J޲�oy�m��?�����k�&��� r��m�ޗ�e���̧��~j̧s���ڶ������"��2�ֱ��2�Ϡzw�j�+�����3m�<�W\u����|ߟ]�ζ��\��t{ms]�u�^�קr'�m�ޗ�^�����n�)��إ��4m�ޗ�e���̧��~rV���k����'��M>m�Z�[ޮȨ��4���k�kz�%��a��l��ނ+-�,��zd��&���z_��"��2�ֱ��Z�ϩ��^�؞����[����{Z��%j�>��)z�bzϻ�O�zֹ��3G��ٯ;��}ݭ;{ǵ�W=�Ǵ����uu�^�קr'�m�ޗ�^�����n�)��إ��4���k�[i����n�)��)�k���,������;�KޮȨ��4��(�����i���z����j��(���m��[����{Z��%j�>��)z�bz����n�)��)�k���,������>�M-�7��V�������mǜ��立��4ߏ=��z߇^���zw"z��m���iz����"�뭊[;�F�m��[����{Z��r���s覦���M>m�Z��슉��O�zַֹ��[�vm�����"���ɪ�H�o�i����n�)��)�k��v��Ϣ��+����[����{Z��r���s覦����4���k�m�?\ѧ���Ӯ�{~�����V��w��׻g^���zw"z��m���iz����"�뭊[;�O�zֹն�z_��"��2�ֱ��i��~u�ں[~~�&�M/z�"�~�ҷ��[�vm�����"���ɪ�H�o�i����n�)��)�k�ƚ+��^}�����o���n�)��)�k�ƚ+��^}�����o��K`�O8o��mǷw����[w����m�Ѷ�w��uשzw^�Ȟ���z_�zZ^��e����b���Ѷ�z_��"��2�ֱ��hý4���k�oz�"�~���޵�u��(�����i���z����j��(���m��[����{Z������n�)��)�k���>�M>m�Z�[`�״���ߎ4��t�|o�4�w��|�M��׹�שzw^�Ȟ���z_�zZ^��e����b�����޵�um�ޗ�e���̧��~~Z0�M/z�"�~�ҷ��[�vm�����"���ɪ�H�o�i����n�)��)�k���?��e���̧��~~Z0��4��ӭ�i�wמ�n�s��{�y�w���g�^�z��u�܉�i��������[����)l�Mi����n�)��)�k�������;�KޮȨ��4��(�����i���z����j��(���m��[����{Z������������n�)��)�k�������>�M-�=۟Z��=��yo7q���G���[�w��m�^���zw"z��m���iz����"�뭊[;�F�m��[����{Z���ǽ4���k�oz�"�~���޵�u��(�����i���z����j��(���m��[����{Z�������[����{Z��������޵�u��뽚�~�s�����ݷ�wg�i�]s�8������z��u�܉�i��������[����)l�M>m�Z�V�m��[����{Z���ǽ4��슉��J޲�oy�m��?�����k�&��� r��m�ޗ�e���̧��~����e���̧��~��~�M-�=7��^پׇi�{�5߶���}��߾_}�^���zw"z��m���iz����"�뭊[;�F�m��[����{Z����-�����)���M>m�Z�[ޮȨ��4���k�kz�%��a��l��ނ+-�,��zd��&���z_��"��2�ֱ���y�~��-��ky���e���̧��~���r߫z�~���i߻�O�zֹ��3��{k]}sW��8�Ǹ嶝��F���u��4u�^�קr'�m�ޗ�^�����n�)��إ��4���k�[i����n�)��)�k�n7���޲߬���w�4��슉��J޲�oy�m��?�����k�&��� r��m�ޗ�e���̧��~���r߫z�~���i����n�)��)�k�n7���޲߬���w����3߷|}�mzm޹��i��y�����[u�^�קr'�m�ޗ�^�����n�)��إ��4m�ޗ�e���̧��~��b�v��ƭr��wb������*'�M+z�%��a��l��ނ+-�,��zd��&���z_��"��2�ֱ��m��ڗ���~n)݊x?��e���̧��~��b�v��ƭr��wb���K`��:�����k���{���o�;�v���uy�;�שzw^�Ȟ���z_�zZ^��e����b���Ѷ�z_��"��kj{���j������b�{;�KޮȨ��4��(�����i���z����j��(���m��[������~�������w-�������"��kj{���j������b�{>�M-�6�s^<�8�μkv�o}zݮ<��y��s����^���zw"z��m���iz����"�뭊[;�F�m��[������~�������w-����M>m�Z��슉��O�zַֹ��[�vm�����"���ɪ�H�o�i����n�)������+�櫮�>~�ܶ*'����[������~�������w-�����4���k�m�=�o�[�����ӧ��͹�}��|��^m�[{w^���zw"z��m���iz����"�뭊[;�O�zֹն�z_��"��kj{���j̧s�h��z���������*'�M+z�%��a��l��ނ+-�,��zd��&���z_��"��kj{���j̧s�h��z�������n�)������+���w>���zw�j�+��4��y����}��m�y�ogx�]k��ӧ��]z��u�܉�i���������n��+���Ѷ�z_�zZ^��e����b���Ѷ�z_�zZ^��ޙ�~j̧s�h��z�����Ѷ�z_��"��kj{���nZ��������rب�������*'�M+z�%��a��l��ނ+-�,��zd��&���z_��"��kj{���nZ��������rب�����n�)������+����>��)yߟ�w-�����4���f��u�v�����ݾ�o�_�٦�wN�z��u�܉�i��������[����)l�Mi����n�)������+����>��)�x;�KޮȨ��4��(�����i���z����j��(���m��[������~����hrO�r�b����n�)������+����>��)�x>�M-�={�;��_}��u��������޽㍸o��m�^���zw"z��m���iz����"�뭊[;�Ihu�!�^�Ѷ�z_��"��kj{���nZ�������4���j���*'�M>m�Z�Z޲�oy�m��?�����k�&��� r��m�ޗ�e����ڞ��o���$��(�)�����"��kj{���nZ����������޵�u��{�ys�_�ָy�z��{^��������~���z��u�܉�i��������[����)l�M>m�Z�Yhu�!�^�m�ޗ�e����ڞ��o���,z������*'�M+z�%��a��l��ނ+-�,��zd��&���z_��"��kj{���rV���?��e����ڞ��o���,zϻ�K`�׺�Ƹ�^���^�׷��y�ti�tu���:�שzw^�Ȟ���z_�zZ^�槞�Z��n���Ѷ�z_�zZ^��^~)��f��Mi�������~�ܶ*'�v�{�4m�ޗ�^�����m�h�{��_�ƚ޲Ȩ��4m�ޗ�^�����n�)��إ��4m�ޗ�^���������˩z�;�F�m���iz���X���i��~u�%j������H%����]uѶ�z_��"��kj{���rV���;�O�z֯z�"�~���޵�u��(�����i���z����j��(���m��[������~����Z�Ǭ����"��kj{���rV���>�M>m�Z�[`�N7}_o��﮸k}���׵�}y�\�Z�שzw^�Ȟ���z_�zZ^�槞�Z��n�����޵�um�ޗ�^����ן�w���{�O�zֹն�z_�zZ^����b��jg��O�zֹն�z_�zZ^��)�)���jY~{kz�"�~���޵�um�ޗ�^�����n�)��إ��4���k�[i���������eiǾ��^�����޵�um�ޗ�^�����e�ߞƚ+��^rV�jب��4���k�`��ږ�u�F�m��[������~����&��^w�k����'��M/z�"�~�ҷ��[�vm�����"���ɪ�H�o�i����n�)������+��(���yߩ��^�؞����[������~����&��^w�k����'���4��}���Mww�۟٭�u�t��t{�y�_9{}]z��u�܉�i��������[����)l�Mi����n�)������+��(���yߩ��^�؞��4���j���*'�M>m�Z�Z޲�oy�m��?�����k�&��� r��m�ޗ�e����ڞ��o��jn��~��)z�bz����n�)������+��(���yߩ��^�؞�����޵�u��s��զ�{N��M�}�^��wn|�ͷsM�y��z��u�܉�i��������[����)l�M>m�Z�V�m��[������~���׬�����������*'�M+z�%��a��l��ނ+-�,��zd��&���z_��"��kj{���u�-��-�������[������~���׬��������K`ϯ�]^���uֶN���m�|����n��7iשzw^�Ȟ���z_�zZ^��e����b���Ѷ�z_��"��kj{���u�-��-�����4���j���*'�M>m�Z�Z޲�oy�m��?�����k�&��� r��m�ޗ�e����ڞ��o�z�k��n�)�����"��kj{���u�-��-��������޵�u����9��{���}�{�^�_ӏ}��m�w���z��u�܉�i��������[����)l�M>m�Z�V�m��[������~����-jY~��ǽ4��슉��J޲�oy�m��?�����k�&��� r��m�ޗ�e����ڞ��o��֥��ށ���e����ڞ��o��֥��ށ�~�M-�>�knk�[sw7�M���7kwt��}�:�^^��^���zw"z��m���iz����"�뭊[;�F�m���iz��z��M+z�����v�m��[������~���۩�'��{+;�KޮȨ��4��(�����i���z����j��(���m��[������~���۩�'��{+?��e����ڞ��o���bq�^�G������3kN���|��u{�q�<���}q�y�ֻ��:u�^�קr'�m�ޗ�^�����n�)��إ��4m�ޗ�e����ڞ��o�ƚ'z{bjب��)z���������*'�M+z�%��a��l��ނ+-�,��zd��&���z_��"��kj{���{h��퉫b����ڶ����e����ڞ��o�ƚ'z{bjب��)z������K`��uo�^���_;���w}��:sN���9y�zqשzw^�Ȟ���z_�zZ^���W^��❪���,�	�z{~���j�+�����+�Mi��������[����)l�Mi����n�)������+�籦�ޞؚ�*'��^��h��4���j���*'�M>m�Z�Z޲�oy�m��?�����k�&��� r��m�ޗ�e����ڞ��o�ƚ'z{bjب��)z�������n�)������+�籦�ޞؚ�*'��^��h�����޵�u�����4o~��]vuޞu���nu�n���5}�z��u�܉�i�������n�u��n)گ/��Ƞ�g���)z������ȭ�����޵�um�ޗ�^�����n�)��إ��4���k�[i����n�)������+��������ܩz������*'�M+z�%��a��l��ނ+-�,��zd��&���z_��"��kj{���~Z0��k���ʗ�����"��kj{���~Z0��k���ʗ���4���Gw~ۿ7��]�G}֜ﶵ��ozkM]z��u�܉�i��������[����)l�Mi����n�)��)�k���;�F�m��[������~����h��-�*~�*^��4���j���*'�M>m�Z�Z޲�oy�m��?�����k�&��� r��m�ޗ�e����ڞ��o���>����r��?��e����ڞ��o���>����r��>�M>m�Z�[`Ϯ��~8���k���_ٮ����g���x{���שzw^�Ȟ���z_�zZ^��e����b�����޵�um�ޗ�e���̧��~~Z0�M>m�Z�V�m��[������~����+����KޮȨ��4��(�����i���z����j��(���m��[������~����+�����e����ڞ��o��������3f���o��w^�sw;{����;ӽ���\���u�^�קr'�m�ޗ�^�����n�)��إ��4m�ޗ�e����ڞ��o�����4���j���*'�M>m�Z�Z޲�oy�m��?�����k�&��� r��m�ޗ�e����ڞ��o�������[������~����+����M>m�Z�[`ώ㾛ӧ8�~y׶��M�ۭ�}�z��7�^9�שzw^�Ȟ���z_�zZ^��e����b�����޵�um�ޗ�e����ڞ��o��w-�������M/z�"�~�ҷ��[�vm�����"���ɪ�H�o�i����n�)������+����b��jg���e����ڞ��o��w-��������4��yֵ��6۟8{]�ߟ5k�鷸�m�oWuw�]z��u�܉�i�������~�ܶ*'�v�{�4m�ޗ�^�����n�)��إ��4m�ޗ�e����ڞ��o��w-�������M>m�Z��슉��O�zַֹ��[�vm�����"���ɪ�H�o�i����n�)������+����b��jg���e����ڞ��o��w-��������4���k�m�>���߭�}��n:����8�F�sF���:i�^���zw"z��m���iz���w-�������M>m�Z�V�m���iz����"�뭊[;�O�zֹն�z_��"��kj{����+^��l�M/z�"�~�ҷ��[�vm�����"���ɪ�H�o�i����n�)������+��b��ږ����n�)������+��b��ږϻ�K`�f�sWv��]ۇ8ӽ���w��]�׽ׇ�����שzw^�Ȟ���z_�zZ^��e����b���Ѷ�z_��"��kj{����+^��l�M>m�Z��슉��O�zַֹ��[�vm�����"���ɪ�H�o�i����n�)������+��b��ږ����n�)������+��b��ږϻ�O�zֹ��3����x�m�}���5k�x�F�ٽ�u�]y�9u�^�קr'�m�ޗ�^�����n�)��إ��4���k�[i����n�)������+��v�^��w�4��슉��J޲�oy�m��?�����k�&��� r��m�ޗ�e����ڞ��o��ۥzϚ�����n�)������+��v�^��w����3ۍ�i��u�}�G8q�=����n[�M���ӎ�u�^�קr'�m�ޗ�^����j�W������+���Ѷ�z_�zZ^��e����b���Ѷ�z_��"��kj{�����n��>r���x��M/z�"�~�ҷ��[�vm�����"���ɪ�H�o�i����n�)������+��v�^��(�j'�����n�)������+��v�^��(�j'�ϻ�K`�m�N����G]��9龽�xw�{�ִ}�5}שzw^�Ȟ���z_�zZ^��v�^��ڞ��k;�F�m���iz����"�뭊[;�F�m���iz���je{�q�,�Mi����n�)������+��v�^��(�j'�����޵�ޮȨ��4���k�kz�%��a��l��ނ+-�,��zd��&���z_��"��kj{�����n��>r���x�����"��kj{�����n��>r���x���4���k�m�>4���{^vㇵ��4q�=����t�G�y�}�^���zw"z��m���iz���ۥ{�kj{����M>m�Z�V�m���iz����"�뭊[;�O�zֹն�z_�zZ^��"��^��z�;�O�zֹն�z_��"��kj{�����n��>�+-zh��M/z�"�~�ҷ��[�vm�����"���ɪ�H�o�i����n�)������+��v�^��2�צ�����n�)������+��v�^��2�צ�ϻ�K`��;��;��y���O]y�8wW�i���g_�שzw^�Ȟ���z_�zZ^��h��~���i�^��4m�ޗ�^�����n�)��إ��4m�ޗ�e����ڞ��o��ۥzϮ�������*'�M+z�%��a��l��ނ+-�,��zd��&���z_��"��kj{�����n��>�g��e����ڞ��o��ۥzϮ�߻�K`���o��k���z��z�n5��Z۝5ߎtߏ[yשzw^�Ȟ���z_�zZ^��v�^��ڞ��k;�F�m���iz����"�뭊[;�F�m��[������~���w��֫��{�KޮȨ��4��(�����i���z����j��(���m��[������~���w��֫����e����ڞ��o�{�j������3i�m�=�^�k�=�ݴ{�z����;�G7i�u�^�קr'�m�ޗ�^�����n�)��إ��4m�ޗ�e����ڞ��o�n7��欲('�M>m�Z��슉��O�zַֹ��[�vm�����"���ɪ�H�o�i����n�)������+����-��,�	���e����ڞ��o�n7��欲('��4���k�m�=禷{g|oN��׺s�u���kw���8��wo�^���zw"z��m���iz����"�뭊[;�O�zֹն�z_��"��kj{������r߬����M/z�"�~�ҷ��[�vm�����"���ɪ�H�o�i����n�)������+����-�˩z����n�)������+����-�˩z���K`Ϳ9�y�]������z{׷�^��O����N5yשzw^�Ȟ���z_�zZ^��e����b���Ѷ�z_�zZ^��ަV�{�.����Mi����n�)������+��Z�������M/z�"�~�ҷ��[�vm�����"���ɪ�H�o�i����n�)������+��Z����������"��kj{�����ڙ�^�ϻ�K`�ּ뇟k]u�^�����Wx�g��׵���o_x�שzw^�Ȟ���z_�zZ^���_�zW�j׻�F�m���iz��zߟ�w-���j��˽4m�ޗ�^�����n�)��إ��4m�ޗ�e����ڞ��o�j��z׫��4���j���*'�M>m�Z�Z޲�oy�m��?�����k�&��� r��m�ޗ�e����ڞ��o�j��z׫����[������~�����jg�z�>�M>m�Z�[`��t��[���oV�s�=ӧ��~=�]<��uy�xyשzw^�Ȟ���z_�zZ^���_�zW�j׻�O�zֹն�z_�zZ^������b���+r�M>m�Z�V�m���iz����"�뭊[;�O�zֹն�z_��"��kj{����朷�b��Z��ڙ������*'�M+z�%��a��l��ނ+-�,��zd��&���z_��"��kj{����朷�b��Z��ڙ����n�)������+���i�~v+)��������4��߾}{�4�~���vsgZݾ�yƺ���Nw��z��u�܉�i��������[����)l�Mi����n�)������+���i�~v+)�������M>m�Z��슉��O�zַֹ��[�vm�����"���ɪ�H�o�i����n�)������+���i�~v+)����������"��kj{����朷�b��Z��ڙ��O�zֹ��3վ<m��u������g<�N�������{�6���u�^�קr'�m�ޗ�^�����n�)��إ��4���k�[i����n�)������+���i�~��~��_�M/z�"�~�ҷ��[�vm�����"���ɪ�H�o�i����n�)������+���i�~��~��_����"��kj{����朷��������K`ͯ8m��}��g}ח��W}�O^�o6��ѷ5�שzw^�Ȟ���z_�zZ^��e����b���Ѷ�z_��"��2�ֱ�;1�Mi����n�)������+���i�~��~���q������*'�M+z�%��a��l��ނ+-�,��zd��&���z_��"��kj{����朷����(������"��kj{����朷����(����4����4����|sG]ۿ_�o4y��w��]�swz��u�܉�i��������[����)l�Mi����n�)��)�k���Ѷ�z_��"��kj{����朷����(���M>m�Z��슉��O�zַֹ��[�vm�����"���ɪ�H�o�i����n�)������+���i�~��~���q����n�)������+���i�~��~���q��O�zֹ��3��}u�=���6y��wF�ն�s��i޽��u�^�קr'�m�ޗ�^�����n�)��إ��4���k�[i����n�)��)�k�����޵�um�ޗ�e����ڞ��o�y�-�;1�M/z�"�~�ҷ��[�vm�����"���ɪ�H�o�i����n�)������+���i�~����e����ڞ��o�y�-�;1��4��ۍ���q�w�w�G8㎛k^�Owu��w�z��u�܉�i�������n�u���朷��ǽ4m�ޗ�^�����n�)��إ��4m�ޗ�e���̧��~��{�F�m��[������~�����rߣ����޵�ޮȨ��4���k�kz�%��a��l��ނ+-�,��zd��&���z_��"��kj{����朷������[������~�����rߣ���O�zֹ��3�����9�����:�Nx����_|�Ok��ݽtu�^�קr'�m�ޗ�^�������׫���rߣ����޵�um�ޗ�^�����n�)��إ��4���k�[i����n�)��)�k�����޵�um�ޗ�e����ڞ��o�z�z���������*'�M+z�%��a��l��ނ+-�,��zd��&���z_��"��kj{�������ڶ����e����ڞ��o�z�z������K`ϖ�ׯ:o���F���w���8m�|��5���שzw^�Ȟ���zw�j�+��ڞ��m5�v�m��[������~�����zw�j�+�M>m�Z��슉��O�zַֹ��[�vm�����"���ɪ�H�o�i����n�)������+��ށ�ޭ�h����[������~�����zw�j�+��4���k�m�>w����]۾wuƴkf��{g6ㆻo��ٷ^���zw"z�ށ�ޭ�h��kj{����ni����n�)������+��!��ajw~��)z�bz������*'�M+z�%��a��l��ނ+-�,��zd��&���z_��"��kj{����+��w�k����'�����"��kj{����+��w�k����'���4�����vu�4�;�Z�~t{�=����}w^]z��u�܉�i��������[����)l�Mi����n�)������+��!��ajw~��)z�bz����޵�ޮȨ��4���k�kz�%��a��l��ނ+-�,��zd��&���z_��"��kj{����+��w�k����'�����"��kj{����+��w�k����'���4���k�m�7]m�է�u��m���޽g=��t��u{}�w�^���zw"z��m���iz����"�뭊[;�O�zֹն�z_��"��kj{������i������*'�M+z�%��a��l��ނ+-�,��zd��&���z_��"��kj{������i����n�)������+��)����4��ߟ7q�<u������9��9��}���z��u�܉�i��������[����)l�Mi����n�)������+��)���M>m�Z��슉��O�zַֹ��[�vm�����"���ɪ�H�o�i����n�)������+��)������"��kj{������i߻�O�zֹ��3�M5������q�s�Zu�z�oZ�mx۟]�tu�^�קr'�m�ޗ�^�����n�)��إ��4���k�[i����n�)������+��-��2���{�����*'�M+z�%��a��l��ނ+-�,��zd��&���z_��"��kj{����؜�/�z�����"��kj{����؜�/�z���4��ѯ]놜٦���������~[y�}���߮�z��u�܉�i��������[����)l�Mi���������ǽ4m�ޗ�e����ڞ��o�zjej׾�+^��l�M/z�"�~�ҷ��[�vm�����"���ɪ�H�o�i����n�)������+��^��Z�壘׫j[?��e����ڞ��o�zjej׾�+^��l��4�������}�[ם�u�������_�͜��{s�]z��u�܉�i�������jy赫^��>����Mi��������[����)l�Mi����n�)������+��^��Z�壘׫j[;�O�z֯z�"�~���޵�u��(�����i���z����j��(���m��[������~���צ�V�{�b��ږ����n�)������+��^��Z�壘׫j[>�M>m�Z�[`�gt��_�:��7��ߗ7����}��m���שzw^�Ȟ���z_�zZ^�槞�Z��n�����޵�um�ޗ�^�����n�)��إ��4���k�[i����n�)������+��r���̦n�{�KޮȨ��4��(�����i���z����j��(���m��[������~���ܩz���)��_���n�)������+��r���̦n�~�M-�>q�^�g��w�ۮ��}wm����m��Ws�^���zw"z��m���iz����"�뭊[;�F�m��[������~�����r�^���{�����*'�M+z�%��a��l��ނ+-�,��zd��&���z_��"��kj{����x��׾������[������~�����r�^���{��K`�λ�G�o_:ݮ�}����tyם���uw�qשzw^�Ȟ���z_�zZ^��e����b���Ѷ�z_�zZ^��ށ�{�Jށ�i��(��5ݶ�z_�\��Y{�KޮȨ��4��(�����i���z����j��(���m���r~)e���\��Y~�M-�7<}��sלݷ�kV��Mu����G��o�}�^���zw"z�(�n{����ڶ�����g��][i����ޱ�~z{��KޮȨ��4��(�����i���z����j��(���m����zߞ�����ޱ�~z{��M-�7��G��G5�����|q�xw]wm����o�\k�^���zw"z��m���iz���ۥ{覦����4m�ޗ�^�����n�)��إ��4m�ޗ�e����見���w>��ޭ�h����b�{;�F�m��[�����h��~��'��k�x,�Mi����n�)���)�ƥ���y�~��-��ky�{�F�m��[�����h��~��b�v��ƭr��wb��Ѷ�z_��"��k��,j_��'(u﩮�^�ܾ��ǽ4m�ޗ�e���̧��~j̧s���ڶ���Mi����n�)��)�k�n7���޲߬���w�4m�ޗ�e���̧��~��b�v��ƭr��wb��Ѷ�z_��"��kj{���j������b�{;�F�m��[������~����2�ϭ����ڶ���F�m��[������~����hrO�r�^w���b�{;�F�m��[������~����hrO�r�b��Ѷ�z_��"��kj{���rV���;�F�m��[������~����&��^w�k����'��Mi����n�)������+��^���r۫�x;�F�m��[������~����-jY~��ǽ4m�ޗ�e����ڞ��o���bq�^�G���4m�ޗ�e����ڞ��o�ƚ'z{bjب��)z�����Ѷ�z_��"��kj{���~�����Ѷ�z_��"��kj{���~�ܶ*'�v�{�4m�ޗ�e����ڞ��o��׫j[;�F�m��[������~���j�W�����Mi����n�)������+��v�^��(�j'���Ѷ�z_��"��kj{�����n��>�+-zh��Mi����n�)������+��v�^��w�4m�ޗ�e����ڞ��o�{�j���4m�ޗ�e����ڞ��o�n7���.����F�m��[������~�����jg�z�;�F�m��[������~�����zw�j�+�Mi����n�)������+��!��ajw~��)z�bz��Ѷ�z_��"��kj{������i��Ѷ�z_��"��kj{����؜�/�z��Mi����n�)������+��^��Z�壘׫j[;�F�m��[������~���ܩz���)��^�Ѷ�z_��"��kj{����x��׾��ǽ4n�0���+-�]"�������m���^���ע�]w��z�wѶ�z_����������*'�M+z�%��a��l��ނ+-�,��zd��&���z_��������ޱ�~~Z0��4��}�����w�w��:����i�\Ӯ9�n�u��z��u�܉�i��������[����)l�Mi����n�)������+��������ܩz��Ѷ�z_�����i�{�KޮȨ��4��(�����i���z����j��(���m����z߫y�-�������i�~�M-�7����}�}������u��ۮw��s��sG^���zw"z��m���iz����"�뭊[;�F�m��[������~�����rߝ��ek/�jg��F�m��[������~�����rߣ��Ѷ�z_��"��kj{����朷�������Ѷ�z_��"��kj{����朷����(���Mi�������^��4��슉��J޲�oy�m��?�����k�&��� r��m�ޗ�ނ+-z�������^�����3}��ᶞշ��o_�N�����5W{㗝wͻu�^�קr'�r���;6��ߜi�^�ث�M!�g��������Zj�x׽t�Gb��9֘�j׬�M,���{隧�.��+�N}m�ޗ�ނ+-z����޵�ޮȨ��4���k�kz�%��a��l��ނ+-�,��zd��&���z_�z������ނ+-z���O�zֹ��3�V�wn��ns��kF��v��ݷw���{���u�^�קr'�r���;6��ߜi�^�ث�M!�g��������Zj�x׾f�ث�Nu�*ڵ�7�[(���f��˩���Ӎ�i���צ�V�{�4���k�/z�"�~���޵�8��(�����i���z����j��(���m��驕�^���zjej׾�M>m�Z�`��<�g�}�{�y���ח�����]:s��ox}שzw^�Ȟ���z_ܡ׾~��{�4���k�i���ܩz����޵�8m����O�zָ�Zj�x�F�m��驕�^�M>m�Z�V�m��驕�^�M>m�Z��슉��O�zַֹ��[�vm�����"���ɪ�H�o�i���צ�V�{���驕�^��4���k�m�?z�f�ѧ�q�������۝�y�_s�t��}�^���zw"z��m�r�^��ڙ����޵�um�ޗ�Z�ǫ�M>m�Z�V�m��*^��4���k�e�֬��{嶛z_�zjej׻�KޮȨ��4��(�����i���z����j��(���m��驕�^���zjej׾�M-�76m�|�N4��}s�Z��5�~�kg�on;��G^���zw"z��m�r�^��ڙ��Ѷ�z_�j���4m�ޗ�r��;�F�m����z��M>m�Z�ޮȨ��4���k�+z�%��a��l��ނ+-�,��zd��&���z_���ޮǿ��kj�����O�zָ��3k��kg8��i�|�^���:�:ӧ�y��޺u�^�קr'�m�ޗ�(u���M>m�Z��m���ޭ�h��4���k�i�������~�ܶ*'�v�{�4���k�i���������b�籦���ל��ڶ*'�M>m�Z��m��*^��4���k�i���~���޵�8u��}t�Zj[5�]"�������m%�֬���m�ޗ�kj�������޵�um�ޗ�kj�������޵�ޮȨ��4���k�kz�%��a��l��ނ+-�,��zd��&���z_���ޮǿ��kj�����O�zֹ��3��]i��y������Wwi�]��|�v�ݦ�k��u�^�קr'�m�ޗ�(u���M>m�Z�V�m���ޭ�h��4���k�[i�������~�ܶ*'�v�{�4���k�[i���������b�籦���ל��ڶ*'�M>m�Z�V�m����z����޵�um�ޗ�r��;�O�zֹ�כ���	hm�l�]t�{ڮ&��m���Z�5��m����z��M/z�"�~�ҷ��[�vm�����"���ɪ�H�o�i����ڽ��{�����z���4�����o�z��_ݦ��giޟݽ��xw�}k�]z��u�܉�i����{��jg��F�m���ޭ�h��4m�ޗ�^������rب��ڙ��Ѷ�z_�zZ^��)�+~{h�ߝy�Z��b�~�Ѷ�z_�j���4m�ޗ�r��;�G^n�7�H%����]u�Zj�x׽tm�ޗ�r��;�O�zָ����*'�M>m�Z�޲�oy�m��?�����k�&��� r��m�ޗ�r��?��r��>�M>m�Z�`Ϧ�o^���_�^sF�ߍ�q�}���ӎ�ݮ��שzw^�Ȟ��.�)l�M��֬������j�~��)z�bzʹѶ�z_�ʗ��M>m�Z�V�m��*^��4���j���*'�M>m�Z�Z޲�oy�m��?�����k�&��� r��m�ޗ�r��?��r��>�M>m�Z�[`��4پ������s��i��׿{i���������שzw^�Ȟ��.�)l�M��֬��{��>}�-������6�F�m��*^��4��슉��J޲�oy�m��?�����k�&��� r��m�ޗ�r��?��r��>�M-�>���{�wws�xw_\�=��^ݷ9�������^���zw"zǬ�إ�m6��Z�5�]-��ڲߩ��^�؞�m4��ڲǦn\�����^u����*'םw��(�����i���z����j��(��m�,zf��;?j������y�{`��u疹�F���7k}s}xߦ���\��^����שzw^�Ȟ��j���r���zZ^��v�^��'��mםw��ڲǦn\���^���������(u�y�|m�,zf��;?��-�������]�y���]&jf���4��j���r��ߖ���x>�����^��Z�ǫםw��슉��]�z�%��a��l��ނ+-�,��zd��&��j���r��ߖ���x>�����^��Z�ǫ��ߖ���x>�����^��Z�ǫ�^u��3��Ѷ���5���{�{�{�4�|�ָ{o|��ڲǦn\���^�����b��뢽y�{ޮȨ�^u޷��[�vm�����"���ɪ�H�o�y���雗(������j��z������iz���/���+�^u��3{�[ӝ]뷞�ֹ���o֚�}���o�8ٮ}��ڲǦn\���^������}���]�z�"�}y�z޲�oy�m��?�����k�&��� r����ڲǦn\���^������}����^������}��םw���v�ѭ[�8�m��~��n�u��Ӟ��_ykW�z��u�܉�y���]0y���雗(������r�^��ڙ�y�{ޮȨ�^u޷��[�vm�����"���ɪ�H�o�y���雗(������r�^��ڙ�������r�^��ڙ��]�=[wm|վ�ѷ���4��{��k��wn�߭���^���zw"z�m�,zf��;?��-���׫םw��ڲǦn\���^�����&םw��슉��]�z�%��a��l��ނ+-�,��zd��&��j���r���zZ^�������iz���o��]�7w}w}�ӗy�v�s��i֚m��������یm�,zf��;?��iz���ۥ{�(�ױ�^u����*'םw��(�����i���z����j��(��m�,zf��;?��iz���ۥ{�(�ױ�����iz���ۥ{�(�ױ��y�{`��6��_o�^w�{�v���]�g|k�=׎��שzw^�Ȟ�כ���f�i���M�y���雗(��������&���y�{^u����*'םw��(�����i���z����j��(��m�,zf��;?��iz��jɾo+^r�^���zZ^���o��ל�׾םw���n9�^�Ѯ��6{�{�}x��{�w^^Z��y���雗(��������&�ǜ�*'םw��슉��]�z�%��a��l��ނ+-�,��zd��&��j���r���zZ^���o�y�b���������&�ǜ�*'�^u��3y�;��8k]�N�o�8o���Ƶ��_׽����u�^�קr'���ڲǦn\�����^u��j���r���zZ^���}��םw��ڲǦn\���^���������(u�y�|m�,zf��;?��&��םwu��}t��ڲǦn\����y���^u����*'םw��(�����i���z����j��(��m�,zf��;?���?���y����y�{`Ϟ�{����v{��m���ƹ}״�M�u�toM��שzw^�Ȟ�'�{�x�]u��ڲǦn\���^o]�םw��슉��]�z�%��a��l��ނ+-�,��zd��&��j���r���y�v�������ϵ�]�6��g�i�\yͼ��\��{i�]k��kN��y�^���zw"z�h�4��j���r����5�]�z�"�}y�z޲�oy�m��?�����k�&��� r����ڲǦn\��������_��y�{`Ϧ��ݜwεq�x}�}sW�۾�u׺�g�sn:��j���r���jɾyحםw��슉��]�z�%��a��l��ނ+-�,��zd��&��j���r���jɾyح���jɾyح�^u��3s����͸���ս�ݮ��]�^y�}{ۆ�u�^�קr'���ڲǦn\�����^u��j���r���zZ^���}��םw��ڲǦn\���^���������(u�y�|m�,zf��;?��iz��jɾ��-����]�y���雗(������^u��j���r���jɾ��u�]�y���雗(�����Z�ǫםw��ڲǦn\����ߩ�)�z�y�w^n�7�Lm�,zf��;?��&��םw��슉��]�z�%��a��l��ނ+-�,��zd��&��j���r���jɾ������o�z��]�?���w8o��}���5�׻��zw���N���^���zw"z�m�,zf��;?j�u�]�y���雗(��������&���y�{^u��j���r���y��y�|m�,zf��;?�����y�|m�,zf��;?���םw��ڲǦn\����o���y�{ޮȨ�^u޷��[�vm�����"���ɪ�H�o�y���雗(�����)�����&��m�^u��3׎�i��׶�y�6�W7齵k��s}u���]�u�^�קr'���ڲǦn\�����^u��j���r���zZ^���}��םw��ڲǦn\����o�z}y�|m�,zf��;?��&�������]�y���]0y���雗(�����Z�ǫםw��슉��]�z�%��a��l��ނ+-�,��zd��&��j���r���jɾ���z������Z�ǫ�^u��3��:�^�����8}�_��4�m�sg]�xs��u�^�קr'���ڲǦn\�����^u��j���r���zZ^�橋竮���]�y���雗(��������&���y�{^u��j���r���y��y�|m�,zf��;?�����y�|m�,zf��;?���םw��ڲǦn\����ߩj��^u����*'םw��(�����i���z����j��(��m�,zf��;?��-���������ߩj���y�{`Ϟ����������kv���{�:ѧ��:㧞iשzw^�Ȟ��j���r��ڲ�y�|m�,zf��;?~Z�)���"�ߡ{�j��^u��j���r���zZ^�橋竮���]�y���雗(������r�^��ڙ�y�|m�,zf��;?��iz���my�yh���f�i���M�y���雗(�����k�{^�^u����*'םw��(�����i���z����j��(��m�,zf��;?��-���׫���j�~������םw��o~�o׆���{���W��w��F���{s�]z��u�܉�0y���雗(���-םw��ڲǦn\����ߩj��^u�Z'�}�i���M�m��ӋޮȨ�]8��(�����i���z����j��(���i�����o�t��3���w�6sN��G]�����q�6徶k��}�i��z�Zm�޿]1��슉���޲�oy�m��?�����k�&��� r��i��z����ۭ���Om�?uo��۟<k���͹~]w��߾vkg�ﾵߖ���n��j�t�KޮȨ�M4��(�����i���z����j��(�����n��j������n��j�~�M-�6��}�Zu�����{�[חw��彟��[��q�m�]���슉��z޲�oy�m��?�����k�&��� r��i���?���q�m��w��3sw���:��7{G}sW���]����g6�u�^�קr'��)��ܩz͵�Yނ�bj�+ӭZqǩ��wݧz�l�~/z�"�}w淬�[�vm�����"���ɪ�H�o�qǩ�����z�l�]���o��u���^�ݭ�ׇ�k����9sǼ�:mݝz��u�܉�&�g��*^�mu�w��ؚ����V����w)ښ'>�jh�������*'�M+z�%��a��l��ނ+-�,��zd��&��(���v��Ϣ��+���i�+��r���s覦���}4���Wy����y��Ӷ�ٮ;{�t�]k�ۿz��u�܉�r���Mr���	hm�l�]/z�"�}�ҷ��[�vm�����"���ɪ�H�o�r���	hm�l���r���	hm�l�}t��wͻ���}���ޛ�Nk�4y�]�{ݮ�շ�z��u�܉�r���Nr���	hm�l�]/z�"�~5ҷ��[�vm�����"���ɪ�H�o�r���	hm�l���r���	hm�l��t��o�z�n]m�{s�������yǶog}����z��u�܉�r���Mr���;1�M/z�"�}�ַ��[�vm�����"���ɪ�H�o�r���;1���r���;1�}5��}����oW�y�<ߏ�����:���k�ߦ�z��u�܉�r���Nr���N/z�"�}�ҷ��[�vm�����"���ɪ�H�o�r�����r���}������}��{�Z���m�����߯^ٶ�m�׶�r���N/z�"�~4�z޲�oy�m��?�����k�&��� r��i�+���i�+��4�{`�]9��Z{���޽��u��<۝}��Zw���~���(�~tѧ(�~wѧ(�~y����*'�+z�%��a��l��ނ+-�,��zd��&��(����(���K`�V�o�;}���W����{m齺y�uѽ|�ͽ�(�~z����*'�kz�%��a��l��ނ+-�,��zd��&��(����(���[`��=�ͽ���Ӧ�s����|sF�s�wѯ[��]��z�<����*'�ͫz�%��a��l��ނ+-�,��zd��&���z�����z���k`���ox��{M�k�����ٷZ�v�ӗ�{��}���G�ݳmt��슉��Z޲�oy�m��?�����k�&��� r��j;��찢�l��ڎ��{,(��>�]m�>���{}�_�N{��xs���4w�}{]�o�;�f����
+v������*'�]+z�%��a��l��ނ+-�,��zd��&����G�ݳ��j;��찢�l�}t��sf����s�7{�]��:{���6���i�xݷ���=����*'�]|��(�����i���z����j��(������j;��]|������f���٧�ݷ\�F�ןx�:�\�~�z��u�܉������'��ZnW������]5j;��F����j;��KޮȨ��v��(�����i���z����j��(������j;�睭�>�o��q��i�������x�f��V��m���=�^���zw"z�(�j�~u���j]t����������{�-�)�����H��r�k�kj����7Ѩ��]/z�"�~�ַ��[�vm�����"���ɪ�H�oڎ�����������m�=ݭ�m�o�<�N�q��o��k�t�]z��u�܉�j�~u���j]t����������{�-�)�����H��r�k�kj����7ѩb��{t�V��	���m�]�z�"�}5ⷬ�[�vm�����"���ɪ�H�oږ('�ױ���jX���^�ߴ׋`�G�F��]=���wF��nzsm��N��}�i�u�שzw^�Ȟ�H�w��M��x��tַ�y�~���y٩�y��